{
  "name": "appointment-wxapp",
  "version": "1.0.0",
  "lockfileVersion": 1,
  "requires": true,
  "dependencies": {
    "js-md5": {
      "version": "0.7.3",
      "resolved": "https://registry.npmmirror.com/js-md5/-/js-md5-0.7.3.tgz",
      "integrity": "sha512-ZC41vPSTLKGwIRjqDh8DfXoCrdQIyBgspJVPXHBGu4nZlAEvG3nf+jO9avM9RmLiGakg7vz974ms99nEV0tmTQ=="
    },
    "weui": {
      "version": "2.5.9",
      "resolved": "https://registry.npmmirror.com/weui/-/weui-2.5.9.tgz",
      "integrity": "sha512-53D9X8U/mA9Kd7DM5zOCZ521UGNbzKDuLDVCcpFXO1KJk/GCEDpanL2rkgC8iLE1MUBGBmGzr6bSnKtXAD9hkQ=="
    },
    "weui-miniprogram": {
      "version": "0.2.1",
      "resolved": "https://registry.npmjs.org/weui-miniprogram/-/weui-miniprogram-0.2.1.tgz",
      "integrity": "sha512-Of/r4QwmlzMwvpW9BQHcL/KW3WV5kw+7yxCFSob3UIqMpwLxKHuBrQajuCVkM3CbqxIpc0XWyDYnpCWk3VkLYg==",
      "dev": true
    }
  }
}
